
Microsoft Visual Studio Solution File, Format Version 12.00
# Visual Studio Version 17
VisualStudioVersion = 17.14.36705.20
MinimumVisualStudioVersion = 10.0.40219.1
Project("{2150E333-8FDC-42A3-9474-1A3956D46DE8}") = "Chapter00", "Chapter00", "{DDB4EF12-CC4E-5E88-E6FC-71A802F4DE97}"
EndProject
Project("{FAE04EC0-301F-11D3-BF4B-00C04F79EFBC}") = "Sample0416", "Chapter00\Sample0416\Sample0416.csproj", "{67763397-5CA9-40CF-A59A-F22EDEA84D19}"
EndProject
Project("{FAE04EC0-301F-11D3-BF4B-00C04F79EFBC}") = "Sample0415", "Chapter00\Sample0415\Sample0415\Sample0415.csproj", "{D0F00D84-AD20-C5D6-67FE-85D6CB59A7CE}"
EndProject
Project("{FAE04EC0-301F-11D3-BF4B-00C04F79EFBC}") = "sample0413", "Chapter00\sample0413\sample0413\sample0413.csproj", "{EB11C1AF-3BBE-9D8B-B13B-CEF382F22312}"
EndProject
Project("{2150E333-8FDC-42A3-9474-1A3956D46DE8}") = "Chapter01", "Chapter01", "{829152E0-C51C-423E-9CB8-F33707B63519}"
EndProject
Project("{2150E333-8FDC-42A3-9474-1A3956D46DE8}") = "Chapter02", "Chapter02", "{F7A51379-0871-4C18-A1F9-38CB2B616355}"
EndProject
Project("{2150E333-8FDC-42A3-9474-1A3956D46DE8}") = "距離換算プログラム", "距離換算プログラム", "{DDB4D043-05A0-409D-82BD-8E13E7FB1CF3}"
EndProject
Project("{FAE04EC0-301F-11D3-BF4B-00C04F79EFBC}") = "DistanceConverter", "Chapter02\距離換算プログラム\DistanceConverter\DistanceConverter.csproj", "{BA315E6C-F38A-4518-A497-4440A093B150}"
EndProject
Project("{2150E333-8FDC-42A3-9474-1A3956D46DE8}") = "Chapter04", "Chapter04", "{1C1A0AE2-940D-4398-9915-796ABEA79949}"
EndProject
Project("{FAE04EC0-301F-11D3-BF4B-00C04F79EFBC}") = "Code4_36", "Chapter04\文字列を数値に変換する\Code4_36\Code4_36.csproj", "{821A02C2-47EE-C695-4C82-2CC78841F196}"
EndProject
Project("{2150E333-8FDC-42A3-9474-1A3956D46DE8}") = "P108_文字列を数値に変換する", "P108_文字列を数値に変換する", "{69E5039C-6175-4BDB-85C5-DB473FAC1846}"
EndProject
Project("{2150E333-8FDC-42A3-9474-1A3956D46DE8}") = "売り上げ集計プログラム", "売り上げ集計プログラム", "{8CB7D9F0-A966-4DA0-9101-0BDF621F7A88}"
EndProject
Project("{FAE04EC0-301F-11D3-BF4B-00C04F79EFBC}") = "SalesCalculator", "Chapter02\売り上げ集計プログラム\SalesCalculator\SalesCalculator.csproj", "{B6B0B30F-D46F-4641-B2F9-5EF23453E7B0}"
EndProject
Project("{2150E333-8FDC-42A3-9474-1A3956D46DE8}") = "演習問題", "演習問題", "{51B8D592-4F9F-47DA-A3DF-F0A78142EFA2}"
EndProject
Project("{FAE04EC0-301F-11D3-BF4B-00C04F79EFBC}") = "Exercise01", "Chapter02\演習問題\Exercise01\Exercise01.csproj", "{FC88F8FE-9CDF-44F4-BAAD-9FF79CE73D0B}"
EndProject
Project("{FAE04EC0-301F-11D3-BF4B-00C04F79EFBC}") = "exercise02", "Chapter02\演習問題\exercise02\exercise02.csproj", "{6A5B0199-3EB3-4228-BA01-D24B5C662A55}"
EndProject
Project("{2150E333-8FDC-42A3-9474-1A3956D46DE8}") = "chapter03", "chapter03", "{1106F1A5-B892-484E-99DB-A45C6B4C5AF6}"
EndProject
Project("{2150E333-8FDC-42A3-9474-1A3956D46DE8}") = "ラムダ式とLINQ", "ラムダ式とLINQ", "{68C6E86D-817A-459E-91D9-2ABEB1F0A8F2}"
EndProject
Project("{FAE04EC0-301F-11D3-BF4B-00C04F79EFBC}") = "Section01", "Chapter03\ラムダ市k\Section01\Section01.csproj", "{2C1AC0A3-C138-495F-8C3F-AF8513C67DED}"
EndProject
Project("{FAE04EC0-301F-11D3-BF4B-00C04F79EFBC}") = "section04", "Chapter03\ラムダ式とLINQ\section04\section04.csproj", "{2E165E7A-E176-46A2-B4BF-744909866FCC}"
EndProject
Project("{2150E333-8FDC-42A3-9474-1A3956D46DE8}") = "演習問題", "演習問題", "{7F74F4FC-93AD-495F-949C-63D5D5F73C57}"
EndProject
Project("{FAE04EC0-301F-11D3-BF4B-00C04F79EFBC}") = "Exercise01", "Chapter03\演習問題\Exercise01\Exercise01.csproj", "{FFBC6BEC-2CE3-4007-9A28-EFD1CC66A0D5}"
EndProject
Project("{FAE04EC0-301F-11D3-BF4B-00C04F79EFBC}") = "Exercise02", "Chapter03\演習問題\Exercise02\Exercise02.csproj", "{7BE70D17-AEB5-4826-B4CF-9F2B77465DCB}"
EndProject
Project("{2150E333-8FDC-42A3-9474-1A3956D46DE8}") = "P108_nullに関するイディオム", "P108_nullに関するイディオム", "{D50E6955-0D80-4807-AC50-20639B82EE94}"
EndProject
Project("{FAE04EC0-301F-11D3-BF4B-00C04F79EFBC}") = "section04", "Chapter04\nullに関するイディオム\section04\section04.csproj", "{CD75727B-9B4B-4D33-86FA-2A884B079C9B}"
EndProject
Project("{2150E333-8FDC-42A3-9474-1A3956D46DE8}") = "演習問題", "演習問題", "{DBC0A017-B0FD-4E6A-839B-9DA27524F54D}"
EndProject
Project("{FAE04EC0-301F-11D3-BF4B-00C04F79EFBC}") = "exercise01", "Chapter04\演習問題\exercise01\exercise01.csproj", "{3B4D7D21-9AF3-4DB9-8FBF-0CBFDCF7C541}"
EndProject
Project("{FAE04EC0-301F-11D3-BF4B-00C04F79EFBC}") = "exercise02", "Chapter04\演習問題\exercise02\exercise02.csproj", "{690BA3D2-03C4-4779-B839-5253529C87B5}"
EndProject
Project("{2150E333-8FDC-42A3-9474-1A3956D46DE8}") = "Chapter05", "Chapter05", "{0D6E7C1C-2041-49B3-BC6D-7A47DA0E1D7C}"
EndProject
Project("{2150E333-8FDC-42A3-9474-1A3956D46DE8}") = "プロパティに関するイディオム", "プロパティに関するイディオム", "{C924A200-77F2-4A97-8011-6AAC6BFEFECF}"
EndProject
Project("{FAE04EC0-301F-11D3-BF4B-00C04F79EFBC}") = "Section01", "Chapter05\プロパティに関するイディオム\Section01\Section01.csproj", "{3805BDEB-25AA-43DB-8415-002B3EF7F9E4}"
EndProject
Project("{2150E333-8FDC-42A3-9474-1A3956D46DE8}") = "メソッドに関するイディオム", "メソッドに関するイディオム", "{73F62EFA-0451-4100-A73D-90F5E9AA98A8}"
EndProject
Project("{FAE04EC0-301F-11D3-BF4B-00C04F79EFBC}") = "Section02", "Chapter05\メソッドに関するイディオム\Section02\Section02.csproj", "{974B1EC5-E5BE-4BB6-B5B8-17509EED5463}"
EndProject
Project("{2150E333-8FDC-42A3-9474-1A3956D46DE8}") = "演習問題", "演習問題", "{22D66E4D-CAF6-4F97-A31F-FE6CE6A9D521}"
EndProject
Project("{FAE04EC0-301F-11D3-BF4B-00C04F79EFBC}") = "Exercise01", "Chapter05\演習問題\Exercise01\Exercise01.csproj", "{420863A6-E547-4107-B8BD-E967DC00912F}"
EndProject
Project("{FAE04EC0-301F-11D3-BF4B-00C04F79EFBC}") = "Exercise02", "Chapter05\演習問題\Exercise02\Exercise02.csproj", "{A3ACA33D-6226-7668-2993-2FC9EA8C783B}"
EndProject
Project("{FAE04EC0-301F-11D3-BF4B-00C04F79EFBC}") = "Exercise03", "Chapter05\演習問題\Exercise03\Exercise03.csproj", "{FFD5BD78-180F-4AEF-9D5B-41FFADA65959}"
EndProject
Project("{2150E333-8FDC-42A3-9474-1A3956D46DE8}") = "Chapter06", "Chapter06", "{3CD478F5-32FD-4642-AEC0-0308ECDFBA51}"
EndProject
Project("{2150E333-8FDC-42A3-9474-1A3956D46DE8}") = "文字列の比較", "文字列の比較", "{27245B27-5B23-4771-B990-1854BD0A081C}"
EndProject
Project("{FAE04EC0-301F-11D3-BF4B-00C04F79EFBC}") = "Section01", "Chapter06\文字列の比較\Section01\Section01.csproj", "{B6E46BDB-806E-4E20-978B-905C20246CB8}"
EndProject
Project("{2150E333-8FDC-42A3-9474-1A3956D46DE8}") = "演習問題", "演習問題", "{299CF801-1DD4-4974-A1AF-A5617D553355}"
EndProject
Project("{FAE04EC0-301F-11D3-BF4B-00C04F79EFBC}") = "Exercise01", "Chapter06\演習問題\Exercise01\Exercise01.csproj", "{B5025803-550F-2718-0B4A-39867A675BF8}"
EndProject
Project("{FAE04EC0-301F-11D3-BF4B-00C04F79EFBC}") = "Exercise02", "Chapter06\演習問題\Exercise02\Exercise02.csproj", "{9605B4B8-0A34-BDE4-CFD2-F49073E3B9EF}"
EndProject
Project("{FAE04EC0-301F-11D3-BF4B-00C04F79EFBC}") = "Exercise03", "Chapter06\演習問題\Exercise03\Exercise03.csproj", "{766DC129-B7E6-6BE5-67FF-02794A6C9D6A}"
EndProject
Project("{2150E333-8FDC-42A3-9474-1A3956D46DE8}") = "文字列の連結と分割", "文字列の連結と分割", "{A1B262D8-0983-4725-BF22-19ED104A8105}"
EndProject
Project("{FAE04EC0-301F-11D3-BF4B-00C04F79EFBC}") = "Section05", "Chapter06\文字列の連結と分割\Section05\Section05.csproj", "{98DEE5B8-13C6-430E-A8B7-3C8C89C0B772}"
EndProject
Project("{FAE04EC0-301F-11D3-BF4B-00C04F79EFBC}") = "Exercise04", "Chapter06\演習問題\Exercise04\Exercise04.csproj", "{8758FBDB-9295-0DA5-31B6-DA01667F06FB}"
EndProject
Project("{2150E333-8FDC-42A3-9474-1A3956D46DE8}") = "Chapter07", "Chapter07", "{3B9286BB-5E7C-494F-B467-FD98FF553A7E}"
EndProject
Project("{2150E333-8FDC-42A3-9474-1A3956D46DE8}") = "演習問題", "演習問題", "{DD0BE4D7-788E-4DC4-A089-85B0F26828B5}"
EndProject
Project("{FAE04EC0-301F-11D3-BF4B-00C04F79EFBC}") = "Section01", "Chapter07\Section01\Section01.csproj", "{2230E3CC-6B9D-4612-A558-27309FB98BB3}"
EndProject
Project("{FAE04EC0-301F-11D3-BF4B-00C04F79EFBC}") = "Exercise01", "Chapter07\演習問題\Exercise01\Exercise01.csproj", "{8D882522-859D-4109-B056-ECE0011654E4}"
EndProject
Project("{FAE04EC0-301F-11D3-BF4B-00C04F79EFBC}") = "Exercise02", "Chapter07\演習問題\Exercise02\Exercise02.csproj", "{D4591510-3CC6-41BA-8A35-B055A8B70692}"
EndProject
Project("{2150E333-8FDC-42A3-9474-1A3956D46DE8}") = "TestProject", "TestProject", "{5955CD50-2455-4F06-BE28-D11C4FBB9D46}"
EndProject
Project("{FAE04EC0-301F-11D3-BF4B-00C04F79EFBC}") = "Test01_01", "TestProject\Test01_01\Test01_01.csproj", "{B8441293-5D7D-B752-6216-4C5005BF772D}"
EndProject
Project("{FAE04EC0-301F-11D3-BF4B-00C04F79EFBC}") = "Test01_02", "TestProject\Test01_02\Test01_02.csproj", "{D7F347E4-C87C-CC1A-89F8-6D28A7CCB4B3}"
EndProject
Global
	GlobalSection(SolutionConfigurationPlatforms) = preSolution
		Debug|Any CPU = Debug|Any CPU
		Release|Any CPU = Release|Any CPU
	EndGlobalSection
	GlobalSection(ProjectConfigurationPlatforms) = postSolution
		{67763397-5CA9-40CF-A59A-F22EDEA84D19}.Debug|Any CPU.ActiveCfg = Debug|Any CPU
		{67763397-5CA9-40CF-A59A-F22EDEA84D19}.Debug|Any CPU.Build.0 = Debug|Any CPU
		{67763397-5CA9-40CF-A59A-F22EDEA84D19}.Release|Any CPU.ActiveCfg = Release|Any CPU
		{67763397-5CA9-40CF-A59A-F22EDEA84D19}.Release|Any CPU.Build.0 = Release|Any CPU
		{D0F00D84-AD20-C5D6-67FE-85D6CB59A7CE}.Debug|Any CPU.ActiveCfg = Debug|Any CPU
		{D0F00D84-AD20-C5D6-67FE-85D6CB59A7CE}.Debug|Any CPU.Build.0 = Debug|Any CPU
		{D0F00D84-AD20-C5D6-67FE-85D6CB59A7CE}.Release|Any CPU.ActiveCfg = Release|Any CPU
		{D0F00D84-AD20-C5D6-67FE-85D6CB59A7CE}.Release|Any CPU.Build.0 = Release|Any CPU
		{EB11C1AF-3BBE-9D8B-B13B-CEF382F22312}.Debug|Any CPU.ActiveCfg = Debug|Any CPU
		{EB11C1AF-3BBE-9D8B-B13B-CEF382F22312}.Debug|Any CPU.Build.0 = Debug|Any CPU
		{EB11C1AF-3BBE-9D8B-B13B-CEF382F22312}.Release|Any CPU.ActiveCfg = Release|Any CPU
		{EB11C1AF-3BBE-9D8B-B13B-CEF382F22312}.Release|Any CPU.Build.0 = Release|Any CPU
		{BA315E6C-F38A-4518-A497-4440A093B150}.Debug|Any CPU.ActiveCfg = Debug|Any CPU
		{BA315E6C-F38A-4518-A497-4440A093B150}.Debug|Any CPU.Build.0 = Debug|Any CPU
		{BA315E6C-F38A-4518-A497-4440A093B150}.Release|Any CPU.ActiveCfg = Release|Any CPU
		{BA315E6C-F38A-4518-A497-4440A093B150}.Release|Any CPU.Build.0 = Release|Any CPU
		{821A02C2-47EE-C695-4C82-2CC78841F196}.Debug|Any CPU.ActiveCfg = Debug|Any CPU
		{821A02C2-47EE-C695-4C82-2CC78841F196}.Debug|Any CPU.Build.0 = Debug|Any CPU
		{821A02C2-47EE-C695-4C82-2CC78841F196}.Release|Any CPU.ActiveCfg = Release|Any CPU
		{821A02C2-47EE-C695-4C82-2CC78841F196}.Release|Any CPU.Build.0 = Release|Any CPU
		{B6B0B30F-D46F-4641-B2F9-5EF23453E7B0}.Debug|Any CPU.ActiveCfg = Debug|Any CPU
		{B6B0B30F-D46F-4641-B2F9-5EF23453E7B0}.Debug|Any CPU.Build.0 = Debug|Any CPU
		{B6B0B30F-D46F-4641-B2F9-5EF23453E7B0}.Release|Any CPU.ActiveCfg = Release|Any CPU
		{B6B0B30F-D46F-4641-B2F9-5EF23453E7B0}.Release|Any CPU.Build.0 = Release|Any CPU
		{FC88F8FE-9CDF-44F4-BAAD-9FF79CE73D0B}.Debug|Any CPU.ActiveCfg = Debug|Any CPU
		{FC88F8FE-9CDF-44F4-BAAD-9FF79CE73D0B}.Debug|Any CPU.Build.0 = Debug|Any CPU
		{FC88F8FE-9CDF-44F4-BAAD-9FF79CE73D0B}.Release|Any CPU.ActiveCfg = Release|Any CPU
		{FC88F8FE-9CDF-44F4-BAAD-9FF79CE73D0B}.Release|Any CPU.Build.0 = Release|Any CPU
		{6A5B0199-3EB3-4228-BA01-D24B5C662A55}.Debug|Any CPU.ActiveCfg = Debug|Any CPU
		{6A5B0199-3EB3-4228-BA01-D24B5C662A55}.Debug|Any CPU.Build.0 = Debug|Any CPU
		{6A5B0199-3EB3-4228-BA01-D24B5C662A55}.Release|Any CPU.ActiveCfg = Release|Any CPU
		{6A5B0199-3EB3-4228-BA01-D24B5C662A55}.Release|Any CPU.Build.0 = Release|Any CPU
		{2C1AC0A3-C138-495F-8C3F-AF8513C67DED}.Debug|Any CPU.ActiveCfg = Debug|Any CPU
		{2C1AC0A3-C138-495F-8C3F-AF8513C67DED}.Debug|Any CPU.Build.0 = Debug|Any CPU
		{2C1AC0A3-C138-495F-8C3F-AF8513C67DED}.Release|Any CPU.ActiveCfg = Release|Any CPU
		{2C1AC0A3-C138-495F-8C3F-AF8513C67DED}.Release|Any CPU.Build.0 = Release|Any CPU
		{2E165E7A-E176-46A2-B4BF-744909866FCC}.Debug|Any CPU.ActiveCfg = Debug|Any CPU
		{2E165E7A-E176-46A2-B4BF-744909866FCC}.Debug|Any CPU.Build.0 = Debug|Any CPU
		{2E165E7A-E176-46A2-B4BF-744909866FCC}.Release|Any CPU.ActiveCfg = Release|Any CPU
		{2E165E7A-E176-46A2-B4BF-744909866FCC}.Release|Any CPU.Build.0 = Release|Any CPU
		{FFBC6BEC-2CE3-4007-9A28-EFD1CC66A0D5}.Debug|Any CPU.ActiveCfg = Debug|Any CPU
		{FFBC6BEC-2CE3-4007-9A28-EFD1CC66A0D5}.Debug|Any CPU.Build.0 = Debug|Any CPU
		{FFBC6BEC-2CE3-4007-9A28-EFD1CC66A0D5}.Release|Any CPU.ActiveCfg = Release|Any CPU
		{FFBC6BEC-2CE3-4007-9A28-EFD1CC66A0D5}.Release|Any CPU.Build.0 = Release|Any CPU
		{7BE70D17-AEB5-4826-B4CF-9F2B77465DCB}.Debug|Any CPU.ActiveCfg = Debug|Any CPU
		{7BE70D17-AEB5-4826-B4CF-9F2B77465DCB}.Debug|Any CPU.Build.0 = Debug|Any CPU
		{7BE70D17-AEB5-4826-B4CF-9F2B77465DCB}.Release|Any CPU.ActiveCfg = Release|Any CPU
		{7BE70D17-AEB5-4826-B4CF-9F2B77465DCB}.Release|Any CPU.Build.0 = Release|Any CPU
		{CD75727B-9B4B-4D33-86FA-2A884B079C9B}.Debug|Any CPU.ActiveCfg = Debug|Any CPU
		{CD75727B-9B4B-4D33-86FA-2A884B079C9B}.Debug|Any CPU.Build.0 = Debug|Any CPU
		{CD75727B-9B4B-4D33-86FA-2A884B079C9B}.Release|Any CPU.ActiveCfg = Release|Any CPU
		{CD75727B-9B4B-4D33-86FA-2A884B079C9B}.Release|Any CPU.Build.0 = Release|Any CPU
		{3B4D7D21-9AF3-4DB9-8FBF-0CBFDCF7C541}.Debug|Any CPU.ActiveCfg = Debug|Any CPU
		{3B4D7D21-9AF3-4DB9-8FBF-0CBFDCF7C541}.Debug|Any CPU.Build.0 = Debug|Any CPU
		{3B4D7D21-9AF3-4DB9-8FBF-0CBFDCF7C541}.Release|Any CPU.ActiveCfg = Release|Any CPU
		{3B4D7D21-9AF3-4DB9-8FBF-0CBFDCF7C541}.Release|Any CPU.Build.0 = Release|Any CPU
		{690BA3D2-03C4-4779-B839-5253529C87B5}.Debug|Any CPU.ActiveCfg = Debug|Any CPU
		{690BA3D2-03C4-4779-B839-5253529C87B5}.Debug|Any CPU.Build.0 = Debug|Any CPU
		{690BA3D2-03C4-4779-B839-5253529C87B5}.Release|Any CPU.ActiveCfg = Release|Any CPU
		{690BA3D2-03C4-4779-B839-5253529C87B5}.Release|Any CPU.Build.0 = Release|Any CPU
		{3805BDEB-25AA-43DB-8415-002B3EF7F9E4}.Debug|Any CPU.ActiveCfg = Debug|Any CPU
		{3805BDEB-25AA-43DB-8415-002B3EF7F9E4}.Debug|Any CPU.Build.0 = Debug|Any CPU
		{3805BDEB-25AA-43DB-8415-002B3EF7F9E4}.Release|Any CPU.ActiveCfg = Release|Any CPU
		{3805BDEB-25AA-43DB-8415-002B3EF7F9E4}.Release|Any CPU.Build.0 = Release|Any CPU
		{974B1EC5-E5BE-4BB6-B5B8-17509EED5463}.Debug|Any CPU.ActiveCfg = Debug|Any CPU
		{974B1EC5-E5BE-4BB6-B5B8-17509EED5463}.Debug|Any CPU.Build.0 = Debug|Any CPU
		{974B1EC5-E5BE-4BB6-B5B8-17509EED5463}.Release|Any CPU.ActiveCfg = Release|Any CPU
		{974B1EC5-E5BE-4BB6-B5B8-17509EED5463}.Release|Any CPU.Build.0 = Release|Any CPU
		{420863A6-E547-4107-B8BD-E967DC00912F}.Debug|Any CPU.ActiveCfg = Debug|Any CPU
		{420863A6-E547-4107-B8BD-E967DC00912F}.Debug|Any CPU.Build.0 = Debug|Any CPU
		{420863A6-E547-4107-B8BD-E967DC00912F}.Release|Any CPU.ActiveCfg = Release|Any CPU
		{420863A6-E547-4107-B8BD-E967DC00912F}.Release|Any CPU.Build.0 = Release|Any CPU
		{A3ACA33D-6226-7668-2993-2FC9EA8C783B}.Debug|Any CPU.ActiveCfg = Debug|Any CPU
		{A3ACA33D-6226-7668-2993-2FC9EA8C783B}.Debug|Any CPU.Build.0 = Debug|Any CPU
		{A3ACA33D-6226-7668-2993-2FC9EA8C783B}.Release|Any CPU.ActiveCfg = Release|Any CPU
		{A3ACA33D-6226-7668-2993-2FC9EA8C783B}.Release|Any CPU.Build.0 = Release|Any CPU
		{FFD5BD78-180F-4AEF-9D5B-41FFADA65959}.Debug|Any CPU.ActiveCfg = Debug|Any CPU
		{FFD5BD78-180F-4AEF-9D5B-41FFADA65959}.Debug|Any CPU.Build.0 = Debug|Any CPU
		{FFD5BD78-180F-4AEF-9D5B-41FFADA65959}.Release|Any CPU.ActiveCfg = Release|Any CPU
		{FFD5BD78-180F-4AEF-9D5B-41FFADA65959}.Release|Any CPU.Build.0 = Release|Any CPU
		{B6E46BDB-806E-4E20-978B-905C20246CB8}.Debug|Any CPU.ActiveCfg = Debug|Any CPU
		{B6E46BDB-806E-4E20-978B-905C20246CB8}.Debug|Any CPU.Build.0 = Debug|Any CPU
		{B6E46BDB-806E-4E20-978B-905C20246CB8}.Release|Any CPU.ActiveCfg = Release|Any CPU
		{B6E46BDB-806E-4E20-978B-905C20246CB8}.Release|Any CPU.Build.0 = Release|Any CPU
		{B5025803-550F-2718-0B4A-39867A675BF8}.Debug|Any CPU.ActiveCfg = Debug|Any CPU
		{B5025803-550F-2718-0B4A-39867A675BF8}.Debug|Any CPU.Build.0 = Debug|Any CPU
		{B5025803-550F-2718-0B4A-39867A675BF8}.Release|Any CPU.ActiveCfg = Release|Any CPU
		{B5025803-550F-2718-0B4A-39867A675BF8}.Release|Any CPU.Build.0 = Release|Any CPU
		{9605B4B8-0A34-BDE4-CFD2-F49073E3B9EF}.Debug|Any CPU.ActiveCfg = Debug|Any CPU
		{9605B4B8-0A34-BDE4-CFD2-F49073E3B9EF}.Debug|Any CPU.Build.0 = Debug|Any CPU
		{9605B4B8-0A34-BDE4-CFD2-F49073E3B9EF}.Release|Any CPU.ActiveCfg = Release|Any CPU
		{9605B4B8-0A34-BDE4-CFD2-F49073E3B9EF}.Release|Any CPU.Build.0 = Release|Any CPU
		{766DC129-B7E6-6BE5-67FF-02794A6C9D6A}.Debug|Any CPU.ActiveCfg = Debug|Any CPU
		{766DC129-B7E6-6BE5-67FF-02794A6C9D6A}.Debug|Any CPU.Build.0 = Debug|Any CPU
		{766DC129-B7E6-6BE5-67FF-02794A6C9D6A}.Release|Any CPU.ActiveCfg = Release|Any CPU
		{766DC129-B7E6-6BE5-67FF-02794A6C9D6A}.Release|Any CPU.Build.0 = Release|Any CPU
		{98DEE5B8-13C6-430E-A8B7-3C8C89C0B772}.Debug|Any CPU.ActiveCfg = Debug|Any CPU
		{98DEE5B8-13C6-430E-A8B7-3C8C89C0B772}.Debug|Any CPU.Build.0 = Debug|Any CPU
		{98DEE5B8-13C6-430E-A8B7-3C8C89C0B772}.Release|Any CPU.ActiveCfg = Release|Any CPU
		{98DEE5B8-13C6-430E-A8B7-3C8C89C0B772}.Release|Any CPU.Build.0 = Release|Any CPU
		{8758FBDB-9295-0DA5-31B6-DA01667F06FB}.Debug|Any CPU.ActiveCfg = Debug|Any CPU
		{8758FBDB-9295-0DA5-31B6-DA01667F06FB}.Debug|Any CPU.Build.0 = Debug|Any CPU
		{8758FBDB-9295-0DA5-31B6-DA01667F06FB}.Release|Any CPU.ActiveCfg = Release|Any CPU
		{8758FBDB-9295-0DA5-31B6-DA01667F06FB}.Release|Any CPU.Build.0 = Release|Any CPU
		{2230E3CC-6B9D-4612-A558-27309FB98BB3}.Debug|Any CPU.ActiveCfg = Debug|Any CPU
		{2230E3CC-6B9D-4612-A558-27309FB98BB3}.Debug|Any CPU.Build.0 = Debug|Any CPU
		{2230E3CC-6B9D-4612-A558-27309FB98BB3}.Release|Any CPU.ActiveCfg = Release|Any CPU
		{2230E3CC-6B9D-4612-A558-27309FB98BB3}.Release|Any CPU.Build.0 = Release|Any CPU
		{8D882522-859D-4109-B056-ECE0011654E4}.Debug|Any CPU.ActiveCfg = Debug|Any CPU
		{8D882522-859D-4109-B056-ECE0011654E4}.Debug|Any CPU.Build.0 = Debug|Any CPU
		{8D882522-859D-4109-B056-ECE0011654E4}.Release|Any CPU.ActiveCfg = Release|Any CPU
		{8D882522-859D-4109-B056-ECE0011654E4}.Release|Any CPU.Build.0 = Release|Any CPU
		{D4591510-3CC6-41BA-8A35-B055A8B70692}.Debug|Any CPU.ActiveCfg = Debug|Any CPU
		{D4591510-3CC6-41BA-8A35-B055A8B70692}.Debug|Any CPU.Build.0 = Debug|Any CPU
		{D4591510-3CC6-41BA-8A35-B055A8B70692}.Release|Any CPU.ActiveCfg = Release|Any CPU
		{D4591510-3CC6-41BA-8A35-B055A8B70692}.Release|Any CPU.Build.0 = Release|Any CPU
		{B8441293-5D7D-B752-6216-4C5005BF772D}.Debug|Any CPU.ActiveCfg = Debug|Any CPU
		{B8441293-5D7D-B752-6216-4C5005BF772D}.Debug|Any CPU.Build.0 = Debug|Any CPU
		{B8441293-5D7D-B752-6216-4C5005BF772D}.Release|Any CPU.ActiveCfg = Release|Any CPU
		{B8441293-5D7D-B752-6216-4C5005BF772D}.Release|Any CPU.Build.0 = Release|Any CPU
		{D7F347E4-C87C-CC1A-89F8-6D28A7CCB4B3}.Debug|Any CPU.ActiveCfg = Debug|Any CPU
		{D7F347E4-C87C-CC1A-89F8-6D28A7CCB4B3}.Debug|Any CPU.Build.0 = Debug|Any CPU
		{D7F347E4-C87C-CC1A-89F8-6D28A7CCB4B3}.Release|Any CPU.ActiveCfg = Release|Any CPU
		{D7F347E4-C87C-CC1A-89F8-6D28A7CCB4B3}.Release|Any CPU.Build.0 = Release|Any CPU
	EndGlobalSection
	GlobalSection(SolutionProperties) = preSolution
		HideSolutionNode = FALSE
	EndGlobalSection
	GlobalSection(NestedProjects) = preSolution
		{67763397-5CA9-40CF-A59A-F22EDEA84D19} = {DDB4EF12-CC4E-5E88-E6FC-71A802F4DE97}
		{D0F00D84-AD20-C5D6-67FE-85D6CB59A7CE} = {DDB4EF12-CC4E-5E88-E6FC-71A802F4DE97}
		{EB11C1AF-3BBE-9D8B-B13B-CEF382F22312} = {DDB4EF12-CC4E-5E88-E6FC-71A802F4DE97}
		{DDB4D043-05A0-409D-82BD-8E13E7FB1CF3} = {F7A51379-0871-4C18-A1F9-38CB2B616355}
		{BA315E6C-F38A-4518-A497-4440A093B150} = {DDB4D043-05A0-409D-82BD-8E13E7FB1CF3}
		{821A02C2-47EE-C695-4C82-2CC78841F196} = {69E5039C-6175-4BDB-85C5-DB473FAC1846}
		{69E5039C-6175-4BDB-85C5-DB473FAC1846} = {1C1A0AE2-940D-4398-9915-796ABEA79949}
		{8CB7D9F0-A966-4DA0-9101-0BDF621F7A88} = {F7A51379-0871-4C18-A1F9-38CB2B616355}
		{B6B0B30F-D46F-4641-B2F9-5EF23453E7B0} = {8CB7D9F0-A966-4DA0-9101-0BDF621F7A88}
		{51B8D592-4F9F-47DA-A3DF-F0A78142EFA2} = {F7A51379-0871-4C18-A1F9-38CB2B616355}
		{FC88F8FE-9CDF-44F4-BAAD-9FF79CE73D0B} = {51B8D592-4F9F-47DA-A3DF-F0A78142EFA2}
		{6A5B0199-3EB3-4228-BA01-D24B5C662A55} = {51B8D592-4F9F-47DA-A3DF-F0A78142EFA2}
		{68C6E86D-817A-459E-91D9-2ABEB1F0A8F2} = {1106F1A5-B892-484E-99DB-A45C6B4C5AF6}
		{2C1AC0A3-C138-495F-8C3F-AF8513C67DED} = {68C6E86D-817A-459E-91D9-2ABEB1F0A8F2}
		{2E165E7A-E176-46A2-B4BF-744909866FCC} = {68C6E86D-817A-459E-91D9-2ABEB1F0A8F2}
		{7F74F4FC-93AD-495F-949C-63D5D5F73C57} = {1106F1A5-B892-484E-99DB-A45C6B4C5AF6}
		{FFBC6BEC-2CE3-4007-9A28-EFD1CC66A0D5} = {7F74F4FC-93AD-495F-949C-63D5D5F73C57}
		{7BE70D17-AEB5-4826-B4CF-9F2B77465DCB} = {7F74F4FC-93AD-495F-949C-63D5D5F73C57}
		{D50E6955-0D80-4807-AC50-20639B82EE94} = {1C1A0AE2-940D-4398-9915-796ABEA79949}
		{CD75727B-9B4B-4D33-86FA-2A884B079C9B} = {D50E6955-0D80-4807-AC50-20639B82EE94}
		{DBC0A017-B0FD-4E6A-839B-9DA27524F54D} = {1C1A0AE2-940D-4398-9915-796ABEA79949}
		{3B4D7D21-9AF3-4DB9-8FBF-0CBFDCF7C541} = {DBC0A017-B0FD-4E6A-839B-9DA27524F54D}
		{690BA3D2-03C4-4779-B839-5253529C87B5} = {DBC0A017-B0FD-4E6A-839B-9DA27524F54D}
		{C924A200-77F2-4A97-8011-6AAC6BFEFECF} = {0D6E7C1C-2041-49B3-BC6D-7A47DA0E1D7C}
		{3805BDEB-25AA-43DB-8415-002B3EF7F9E4} = {C924A200-77F2-4A97-8011-6AAC6BFEFECF}
		{73F62EFA-0451-4100-A73D-90F5E9AA98A8} = {0D6E7C1C-2041-49B3-BC6D-7A47DA0E1D7C}
		{974B1EC5-E5BE-4BB6-B5B8-17509EED5463} = {73F62EFA-0451-4100-A73D-90F5E9AA98A8}
		{22D66E4D-CAF6-4F97-A31F-FE6CE6A9D521} = {0D6E7C1C-2041-49B3-BC6D-7A47DA0E1D7C}
		{420863A6-E547-4107-B8BD-E967DC00912F} = {22D66E4D-CAF6-4F97-A31F-FE6CE6A9D521}
		{A3ACA33D-6226-7668-2993-2FC9EA8C783B} = {22D66E4D-CAF6-4F97-A31F-FE6CE6A9D521}
		{FFD5BD78-180F-4AEF-9D5B-41FFADA65959} = {22D66E4D-CAF6-4F97-A31F-FE6CE6A9D521}
		{27245B27-5B23-4771-B990-1854BD0A081C} = {3CD478F5-32FD-4642-AEC0-0308ECDFBA51}
		{B6E46BDB-806E-4E20-978B-905C20246CB8} = {27245B27-5B23-4771-B990-1854BD0A081C}
		{299CF801-1DD4-4974-A1AF-A5617D553355} = {3CD478F5-32FD-4642-AEC0-0308ECDFBA51}
		{B5025803-550F-2718-0B4A-39867A675BF8} = {299CF801-1DD4-4974-A1AF-A5617D553355}
		{9605B4B8-0A34-BDE4-CFD2-F49073E3B9EF} = {299CF801-1DD4-4974-A1AF-A5617D553355}
		{766DC129-B7E6-6BE5-67FF-02794A6C9D6A} = {299CF801-1DD4-4974-A1AF-A5617D553355}
		{A1B262D8-0983-4725-BF22-19ED104A8105} = {3CD478F5-32FD-4642-AEC0-0308ECDFBA51}
		{98DEE5B8-13C6-430E-A8B7-3C8C89C0B772} = {A1B262D8-0983-4725-BF22-19ED104A8105}
		{8758FBDB-9295-0DA5-31B6-DA01667F06FB} = {299CF801-1DD4-4974-A1AF-A5617D553355}
		{DD0BE4D7-788E-4DC4-A089-85B0F26828B5} = {3B9286BB-5E7C-494F-B467-FD98FF553A7E}
		{2230E3CC-6B9D-4612-A558-27309FB98BB3} = {3B9286BB-5E7C-494F-B467-FD98FF553A7E}
		{8D882522-859D-4109-B056-ECE0011654E4} = {DD0BE4D7-788E-4DC4-A089-85B0F26828B5}
		{D4591510-3CC6-41BA-8A35-B055A8B70692} = {DD0BE4D7-788E-4DC4-A089-85B0F26828B5}
		{B8441293-5D7D-B752-6216-4C5005BF772D} = {5955CD50-2455-4F06-BE28-D11C4FBB9D46}
		{D7F347E4-C87C-CC1A-89F8-6D28A7CCB4B3} = {5955CD50-2455-4F06-BE28-D11C4FBB9D46}
	EndGlobalSection
	GlobalSection(ExtensibilityGlobals) = postSolution
		SolutionGuid = {B295565A-D5A6-469F-9C30-284DF6B41A19}
	EndGlobalSection
EndGlobal
