
Microsoft Visual Studio Solution File, Format Version 12.00
# Visual Studio Version 17
VisualStudioVersion = 17.14.36705.20
MinimumVisualStudioVersion = 10.0.40219.1
Project("{2150E333-8FDC-42A3-9474-1A3956D46DE8}") = "Chapter00", "Chapter00", "{DDB4EF12-CC4E-5E88-E6FC-71A802F4DE97}"
EndProject
Project("{FAE04EC0-301F-11D3-BF4B-00C04F79EFBC}") = "Sample0416", "Chapter00\Sample0416\Sample0416.csproj", "{67763397-5CA9-40CF-A59A-F22EDEA84D19}"
EndProject
Project("{FAE04EC0-301F-11D3-BF4B-00C04F79EFBC}") = "Sample0415", "Chapter00\Sample0415\Sample0415\Sample0415.csproj", "{D0F00D84-AD20-C5D6-67FE-85D6CB59A7CE}"
EndProject
Project("{FAE04EC0-301F-11D3-BF4B-00C04F79EFBC}") = "sample0413", "Chapter00\sample0413\sample0413\sample0413.csproj", "{EB11C1AF-3BBE-9D8B-B13B-CEF382F22312}"
EndProject
Project("{2150E333-8FDC-42A3-9474-1A3956D46DE8}") = "Chapter01", "Chapter01", "{829152E0-C51C-423E-9CB8-F33707B63519}"
EndProject
Project("{2150E333-8FDC-42A3-9474-1A3956D46DE8}") = "Chapter02", "Chapter02", "{F7A51379-0871-4C18-A1F9-38CB2B616355}"
EndProject
Project("{2150E333-8FDC-42A3-9474-1A3956D46DE8}") = "距離換算プログラム", "距離換算プログラム", "{DDB4D043-05A0-409D-82BD-8E13E7FB1CF3}"
EndProject
Project("{FAE04EC0-301F-11D3-BF4B-00C04F79EFBC}") = "DistanceConverter", "Chapter02\距離換算プログラム\DistanceConverter\DistanceConverter.csproj", "{BA315E6C-F38A-4518-A497-4440A093B150}"
EndProject
Project("{2150E333-8FDC-42A3-9474-1A3956D46DE8}") = "Chapter04", "Chapter04", "{1C1A0AE2-940D-4398-9915-796ABEA79949}"
EndProject
Project("{FAE04EC0-301F-11D3-BF4B-00C04F79EFBC}") = "Code4_36", "Chapter04\文字列を数値に変換する\Code4_36\Code4_36.csproj", "{821A02C2-47EE-C695-4C82-2CC78841F196}"
EndProject
Project("{2150E333-8FDC-42A3-9474-1A3956D46DE8}") = "P108_文字列を数値に変換する", "P108_文字列を数値に変換する", "{69E5039C-6175-4BDB-85C5-DB473FAC1846}"
EndProject
Project("{2150E333-8FDC-42A3-9474-1A3956D46DE8}") = "売り上げ集計プログラム", "売り上げ集計プログラム", "{8CB7D9F0-A966-4DA0-9101-0BDF621F7A88}"
EndProject
Project("{FAE04EC0-301F-11D3-BF4B-00C04F79EFBC}") = "SalesCalculator", "Chapter02\売り上げ集計プログラム\SalesCalculator\SalesCalculator.csproj", "{B6B0B30F-D46F-4641-B2F9-5EF23453E7B0}"
EndProject
Project("{2150E333-8FDC-42A3-9474-1A3956D46DE8}") = "演習問題", "演習問題", "{51B8D592-4F9F-47DA-A3DF-F0A78142EFA2}"
EndProject
Project("{FAE04EC0-301F-11D3-BF4B-00C04F79EFBC}") = "Exercise01", "Chapter02\演習問題\Exercise01\Exercise01.csproj", "{FC88F8FE-9CDF-44F4-BAAD-9FF79CE73D0B}"
EndProject
Project("{FAE04EC0-301F-11D3-BF4B-00C04F79EFBC}") = "exercise02", "Chapter02\演習問題\exercise02\exercise02.csproj", "{6A5B0199-3EB3-4228-BA01-D24B5C662A55}"
EndProject
Project("{2150E333-8FDC-42A3-9474-1A3956D46DE8}") = "chapter03", "chapter03", "{1106F1A5-B892-484E-99DB-A45C6B4C5AF6}"
EndProject
Project("{2150E333-8FDC-42A3-9474-1A3956D46DE8}") = "ラムダ式とLINQ", "ラムダ式とLINQ", "{68C6E86D-817A-459E-91D9-2ABEB1F0A8F2}"
EndProject
Project("{FAE04EC0-301F-11D3-BF4B-00C04F79EFBC}") = "Section01", "Chapter03\ラムダ市k\Section01\Section01.csproj", "{2C1AC0A3-C138-495F-8C3F-AF8513C67DED}"
EndProject
Global
	GlobalSection(SolutionConfigurationPlatforms) = preSolution
		Debug|Any CPU = Debug|Any CPU
		Release|Any CPU = Release|Any CPU
	EndGlobalSection
	GlobalSection(ProjectConfigurationPlatforms) = postSolution
		{67763397-5CA9-40CF-A59A-F22EDEA84D19}.Debug|Any CPU.ActiveCfg = Debug|Any CPU
		{67763397-5CA9-40CF-A59A-F22EDEA84D19}.Debug|Any CPU.Build.0 = Debug|Any CPU
		{67763397-5CA9-40CF-A59A-F22EDEA84D19}.Release|Any CPU.ActiveCfg = Release|Any CPU
		{67763397-5CA9-40CF-A59A-F22EDEA84D19}.Release|Any CPU.Build.0 = Release|Any CPU
		{D0F00D84-AD20-C5D6-67FE-85D6CB59A7CE}.Debug|Any CPU.ActiveCfg = Debug|Any CPU
		{D0F00D84-AD20-C5D6-67FE-85D6CB59A7CE}.Debug|Any CPU.Build.0 = Debug|Any CPU
		{D0F00D84-AD20-C5D6-67FE-85D6CB59A7CE}.Release|Any CPU.ActiveCfg = Release|Any CPU
		{D0F00D84-AD20-C5D6-67FE-85D6CB59A7CE}.Release|Any CPU.Build.0 = Release|Any CPU
		{EB11C1AF-3BBE-9D8B-B13B-CEF382F22312}.Debug|Any CPU.ActiveCfg = Debug|Any CPU
		{EB11C1AF-3BBE-9D8B-B13B-CEF382F22312}.Debug|Any CPU.Build.0 = Debug|Any CPU
		{EB11C1AF-3BBE-9D8B-B13B-CEF382F22312}.Release|Any CPU.ActiveCfg = Release|Any CPU
		{EB11C1AF-3BBE-9D8B-B13B-CEF382F22312}.Release|Any CPU.Build.0 = Release|Any CPU
		{BA315E6C-F38A-4518-A497-4440A093B150}.Debug|Any CPU.ActiveCfg = Debug|Any CPU
		{BA315E6C-F38A-4518-A497-4440A093B150}.Debug|Any CPU.Build.0 = Debug|Any CPU
		{BA315E6C-F38A-4518-A497-4440A093B150}.Release|Any CPU.ActiveCfg = Release|Any CPU
		{BA315E6C-F38A-4518-A497-4440A093B150}.Release|Any CPU.Build.0 = Release|Any CPU
		{821A02C2-47EE-C695-4C82-2CC78841F196}.Debug|Any CPU.ActiveCfg = Debug|Any CPU
		{821A02C2-47EE-C695-4C82-2CC78841F196}.Debug|Any CPU.Build.0 = Debug|Any CPU
		{821A02C2-47EE-C695-4C82-2CC78841F196}.Release|Any CPU.ActiveCfg = Release|Any CPU
		{821A02C2-47EE-C695-4C82-2CC78841F196}.Release|Any CPU.Build.0 = Release|Any CPU
		{B6B0B30F-D46F-4641-B2F9-5EF23453E7B0}.Debug|Any CPU.ActiveCfg = Debug|Any CPU
		{B6B0B30F-D46F-4641-B2F9-5EF23453E7B0}.Debug|Any CPU.Build.0 = Debug|Any CPU
		{B6B0B30F-D46F-4641-B2F9-5EF23453E7B0}.Release|Any CPU.ActiveCfg = Release|Any CPU
		{B6B0B30F-D46F-4641-B2F9-5EF23453E7B0}.Release|Any CPU.Build.0 = Release|Any CPU
		{FC88F8FE-9CDF-44F4-BAAD-9FF79CE73D0B}.Debug|Any CPU.ActiveCfg = Debug|Any CPU
		{FC88F8FE-9CDF-44F4-BAAD-9FF79CE73D0B}.Debug|Any CPU.Build.0 = Debug|Any CPU
		{FC88F8FE-9CDF-44F4-BAAD-9FF79CE73D0B}.Release|Any CPU.ActiveCfg = Release|Any CPU
		{FC88F8FE-9CDF-44F4-BAAD-9FF79CE73D0B}.Release|Any CPU.Build.0 = Release|Any CPU
		{6A5B0199-3EB3-4228-BA01-D24B5C662A55}.Debug|Any CPU.ActiveCfg = Debug|Any CPU
		{6A5B0199-3EB3-4228-BA01-D24B5C662A55}.Debug|Any CPU.Build.0 = Debug|Any CPU
		{6A5B0199-3EB3-4228-BA01-D24B5C662A55}.Release|Any CPU.ActiveCfg = Release|Any CPU
		{6A5B0199-3EB3-4228-BA01-D24B5C662A55}.Release|Any CPU.Build.0 = Release|Any CPU
		{2C1AC0A3-C138-495F-8C3F-AF8513C67DED}.Debug|Any CPU.ActiveCfg = Debug|Any CPU
		{2C1AC0A3-C138-495F-8C3F-AF8513C67DED}.Debug|Any CPU.Build.0 = Debug|Any CPU
		{2C1AC0A3-C138-495F-8C3F-AF8513C67DED}.Release|Any CPU.ActiveCfg = Release|Any CPU
		{2C1AC0A3-C138-495F-8C3F-AF8513C67DED}.Release|Any CPU.Build.0 = Release|Any CPU
	EndGlobalSection
	GlobalSection(SolutionProperties) = preSolution
		HideSolutionNode = FALSE
	EndGlobalSection
	GlobalSection(NestedProjects) = preSolution
		{67763397-5CA9-40CF-A59A-F22EDEA84D19} = {DDB4EF12-CC4E-5E88-E6FC-71A802F4DE97}
		{D0F00D84-AD20-C5D6-67FE-85D6CB59A7CE} = {DDB4EF12-CC4E-5E88-E6FC-71A802F4DE97}
		{EB11C1AF-3BBE-9D8B-B13B-CEF382F22312} = {DDB4EF12-CC4E-5E88-E6FC-71A802F4DE97}
		{DDB4D043-05A0-409D-82BD-8E13E7FB1CF3} = {F7A51379-0871-4C18-A1F9-38CB2B616355}
		{BA315E6C-F38A-4518-A497-4440A093B150} = {DDB4D043-05A0-409D-82BD-8E13E7FB1CF3}
		{821A02C2-47EE-C695-4C82-2CC78841F196} = {69E5039C-6175-4BDB-85C5-DB473FAC1846}
		{69E5039C-6175-4BDB-85C5-DB473FAC1846} = {1C1A0AE2-940D-4398-9915-796ABEA79949}
		{8CB7D9F0-A966-4DA0-9101-0BDF621F7A88} = {F7A51379-0871-4C18-A1F9-38CB2B616355}
		{B6B0B30F-D46F-4641-B2F9-5EF23453E7B0} = {8CB7D9F0-A966-4DA0-9101-0BDF621F7A88}
		{51B8D592-4F9F-47DA-A3DF-F0A78142EFA2} = {F7A51379-0871-4C18-A1F9-38CB2B616355}
		{FC88F8FE-9CDF-44F4-BAAD-9FF79CE73D0B} = {51B8D592-4F9F-47DA-A3DF-F0A78142EFA2}
		{6A5B0199-3EB3-4228-BA01-D24B5C662A55} = {51B8D592-4F9F-47DA-A3DF-F0A78142EFA2}
		{68C6E86D-817A-459E-91D9-2ABEB1F0A8F2} = {1106F1A5-B892-484E-99DB-A45C6B4C5AF6}
		{2C1AC0A3-C138-495F-8C3F-AF8513C67DED} = {68C6E86D-817A-459E-91D9-2ABEB1F0A8F2}
	EndGlobalSection
	GlobalSection(ExtensibilityGlobals) = postSolution
		SolutionGuid = {B295565A-D5A6-469F-9C30-284DF6B41A19}
	EndGlobalSection
EndGlobal
